
Microsoft Visual Studio Solution File, Format Version 12.00
# Visual Studio Version 17
VisualStudioVersion = 17.0.31919.166
MinimumVisualStudioVersion = 10.0.40219.1
Project("{9A19103F-16F7-4668-BE54-9A1E7A4F7556}") = "DanilovSoft.Guards", "DanilovSoft.Guards.csproj", "{DCFACAA5-A599-4FA1-937A-ED80485BC306}"
EndProject
Project("{2150E333-8FDC-42A3-9474-1A3956D46DE8}") = "Tests", "Tests", "{F3A7E8B2-7661-445D-AA5C-62BC213C9320}"
EndProject
Project("{FAE04EC0-301F-11D3-BF4B-00C04F79EFBC}") = "xUnitTests", "..\xUnitTests\xUnitTests.csproj", "{2443EF31-B95D-48B5-A250-E0C8A14CCE6A}"
EndProject
Global
	GlobalSection(SolutionConfigurationPlatforms) = preSolution
		Debug|Any CPU = Debug|Any CPU
		Release|Any CPU = Release|Any CPU
	EndGlobalSection
	GlobalSection(ProjectConfigurationPlatforms) = postSolution
		{DCFACAA5-A599-4FA1-937A-ED80485BC306}.Debug|Any CPU.ActiveCfg = Debug|Any CPU
		{DCFACAA5-A599-4FA1-937A-ED80485BC306}.Debug|Any CPU.Build.0 = Debug|Any CPU
		{DCFACAA5-A599-4FA1-937A-ED80485BC306}.Release|Any CPU.ActiveCfg = Release|Any CPU
		{DCFACAA5-A599-4FA1-937A-ED80485BC306}.Release|Any CPU.Build.0 = Release|Any CPU
		{2443EF31-B95D-48B5-A250-E0C8A14CCE6A}.Debug|Any CPU.ActiveCfg = Debug|Any CPU
		{2443EF31-B95D-48B5-A250-E0C8A14CCE6A}.Debug|Any CPU.Build.0 = Debug|Any CPU
		{2443EF31-B95D-48B5-A250-E0C8A14CCE6A}.Release|Any CPU.ActiveCfg = Release|Any CPU
		{2443EF31-B95D-48B5-A250-E0C8A14CCE6A}.Release|Any CPU.Build.0 = Release|Any CPU
	EndGlobalSection
	GlobalSection(SolutionProperties) = preSolution
		HideSolutionNode = FALSE
	EndGlobalSection
	GlobalSection(NestedProjects) = preSolution
		{2443EF31-B95D-48B5-A250-E0C8A14CCE6A} = {F3A7E8B2-7661-445D-AA5C-62BC213C9320}
	EndGlobalSection
	GlobalSection(ExtensibilityGlobals) = postSolution
		SolutionGuid = {96F31075-7A16-4837-9C5F-D8370D3AFE76}
	EndGlobalSection
EndGlobal
